
Microsoft Visual Studio Solution File, Format Version 12.00
# Visual Studio Version 16
VisualStudioVersion = 16.0.31613.86
MinimumVisualStudioVersion = 10.0.40219.1
Project("{FAE04EC0-301F-11D3-BF4B-00C04F79EFBC}") = "AdvancedMathLibrary", "AdvancedMathLibrary\AdvancedMathLibrary.csproj", "{6FA3A051-B01A-4482-BC84-CDD1CDED113A}"
EndProject
Project("{FAE04EC0-301F-11D3-BF4B-00C04F79EFBC}") = "TestAdvancedMathLibrary", "TestAdvancedMathLibrary\TestAdvancedMathLibrary.csproj", "{292CBD00-4AB9-4F43-AFD3-9F27C8CC94BB}"
EndProject
Global
	GlobalSection(SolutionConfigurationPlatforms) = preSolution
		Debug|Any CPU = Debug|Any CPU
		Release|Any CPU = Release|Any CPU
	EndGlobalSection
	GlobalSection(ProjectConfigurationPlatforms) = postSolution
		{6FA3A051-B01A-4482-BC84-CDD1CDED113A}.Debug|Any CPU.ActiveCfg = Debug|Any CPU
		{6FA3A051-B01A-4482-BC84-CDD1CDED113A}.Debug|Any CPU.Build.0 = Debug|Any CPU
		{6FA3A051-B01A-4482-BC84-CDD1CDED113A}.Release|Any CPU.ActiveCfg = Release|Any CPU
		{6FA3A051-B01A-4482-BC84-CDD1CDED113A}.Release|Any CPU.Build.0 = Release|Any CPU
		{292CBD00-4AB9-4F43-AFD3-9F27C8CC94BB}.Debug|Any CPU.ActiveCfg = Debug|Any CPU
		{292CBD00-4AB9-4F43-AFD3-9F27C8CC94BB}.Debug|Any CPU.Build.0 = Debug|Any CPU
		{292CBD00-4AB9-4F43-AFD3-9F27C8CC94BB}.Release|Any CPU.ActiveCfg = Release|Any CPU
		{292CBD00-4AB9-4F43-AFD3-9F27C8CC94BB}.Release|Any CPU.Build.0 = Release|Any CPU
	EndGlobalSection
	GlobalSection(SolutionProperties) = preSolution
		HideSolutionNode = FALSE
	EndGlobalSection
	GlobalSection(ExtensibilityGlobals) = postSolution
		SolutionGuid = {923B6ADE-1A10-495A-A3A6-75E8EBDA8830}
	EndGlobalSection
EndGlobal
